
Microsoft Visual Studio Solution File, Format Version 12.00
# Visual Studio Version 17
VisualStudioVersion = 17.2.32616.157
MinimumVisualStudioVersion = 10.0.40219.1
Project("{FAE04EC0-301F-11D3-BF4B-00C04F79EFBC}") = "ConsoleApp2", "ConsoleApp2\ConsoleApp2.csproj", "{501FFC45-3A5F-481E-A233-5F4B53D441A1}"
EndProject
Global
	GlobalSection(SolutionConfigurationPlatforms) = preSolution
		Debug|Any CPU = Debug|Any CPU
		Release|Any CPU = Release|Any CPU
	EndGlobalSection
	GlobalSection(ProjectConfigurationPlatforms) = postSolution
		{501FFC45-3A5F-481E-A233-5F4B53D441A1}.Debug|Any CPU.ActiveCfg = Debug|Any CPU
		{501FFC45-3A5F-481E-A233-5F4B53D441A1}.Debug|Any CPU.Build.0 = Debug|Any CPU
		{501FFC45-3A5F-481E-A233-5F4B53D441A1}.Release|Any CPU.ActiveCfg = Release|Any CPU
		{501FFC45-3A5F-481E-A233-5F4B53D441A1}.Release|Any CPU.Build.0 = Release|Any CPU
	EndGlobalSection
	GlobalSection(SolutionProperties) = preSolution
		HideSolutionNode = FALSE
	EndGlobalSection
	GlobalSection(ExtensibilityGlobals) = postSolution
		SolutionGuid = {D68820AB-91D7-48B8-9D5B-7FE56173802B}
	EndGlobalSection
EndGlobal
