
Microsoft Visual Studio Solution File, Format Version 12.00
# Visual Studio Version 17
VisualStudioVersion = 17.2.32616.157
MinimumVisualStudioVersion = 10.0.40219.1
Project("{FAE04EC0-301F-11D3-BF4B-00C04F79EFBC}") = "WindowsFormsApp", "WindowsFormsApp\WindowsFormsApp.csproj", "{A0F38D08-5A26-47AF-B6FE-C0F3479AE862}"
EndProject
Global
	GlobalSection(SolutionConfigurationPlatforms) = preSolution
		Debug|Any CPU = Debug|Any CPU
		Release|Any CPU = Release|Any CPU
	EndGlobalSection
	GlobalSection(ProjectConfigurationPlatforms) = postSolution
		{A0F38D08-5A26-47AF-B6FE-C0F3479AE862}.Debug|Any CPU.ActiveCfg = Debug|Any CPU
		{A0F38D08-5A26-47AF-B6FE-C0F3479AE862}.Debug|Any CPU.Build.0 = Debug|Any CPU
		{A0F38D08-5A26-47AF-B6FE-C0F3479AE862}.Release|Any CPU.ActiveCfg = Release|Any CPU
		{A0F38D08-5A26-47AF-B6FE-C0F3479AE862}.Release|Any CPU.Build.0 = Release|Any CPU
	EndGlobalSection
	GlobalSection(SolutionProperties) = preSolution
		HideSolutionNode = FALSE
	EndGlobalSection
	GlobalSection(ExtensibilityGlobals) = postSolution
		SolutionGuid = {3D489EB8-5A8F-4474-80FF-9CFB5BBC136C}
	EndGlobalSection
EndGlobal
